<?xml version="1.0" encoding="utf-8"?>
<Project ToolsVersion="4.0" xmlns="http://schemas.microsoft.com/developer/msbuild/2003">
  <ItemGroup>
    <Filter Include="Utilities">
      <UniqueIdentifier>{53d168f3-0ee0-4fc5-a8d7-5c62ab72be0c}</UniqueIdentifier>
    </Filter>
    <Filter Include="System">
      <UniqueIdentifier>{11499703-e048-4d9f-84c5-56f93b4b9940}</UniqueIdentifier>
    </Filter>
    <Filter Include="Graphics">
      <UniqueIdentifier>{70e1ee55-3ea1-40e6-92ca-c778b8bb511f}</UniqueIdentifier>
    </Filter>
    <Filter Include="GameComponents">
      <UniqueIdentifier>{4df6a773-fb7a-4631-b0c2-56116f3cdce0}</UniqueIdentifier>
    </Filter>
    <Filter Include="Collisions">
      <UniqueIdentifier>{eb79ef93-14bd-45f1-8813-904d009fbcc2}</UniqueIdentifier>
    </Filter>
  </ItemGroup>
  <ItemGroup>
    <ClInclude Include="DataTypes.h">
      <Filter>Utilities</Filter>
    </ClInclude>
    <ClInclude Include="Singleton.h">
      <Filter>Utilities</Filter>
    </ClInclude>
    <ClInclude Include="Manager.h">
      <Filter>Utilities</Filter>
    </ClInclude>
    <ClInclude Include="GameTimer.h">
      <Filter>System</Filter>
    </ClInclude>
    <ClInclude Include="Window.h">
      <Filter>System</Filter>
    </ClInclude>
    <ClInclude Include="MemoryManager.h">
      <Filter>System</Filter>
    </ClInclude>
    <ClInclude Include="Resources.h">
      <Filter>Graphics</Filter>
    </ClInclude>
    <ClInclude Include="DXWindow.h">
      <Filter>Graphics</Filter>
    </ClInclude>
    <ClInclude Include="RenderManager.h">
      <Filter>Graphics</Filter>
    </ClInclude>
    <ClInclude Include="FrameManager.h">
      <Filter>Graphics</Filter>
    </ClInclude>
    <ClInclude Include="Camera.h">
      <Filter>Graphics</Filter>
    </ClInclude>
    <ClInclude Include="CameraManager.h">
      <Filter>Graphics</Filter>
    </ClInclude>
    <ClInclude Include="FirstPersonCamera.h">
      <Filter>GameComponents</Filter>
    </ClInclude>
    <ClInclude Include="GameObject.h">
      <Filter>GameComponents</Filter>
    </ClInclude>
    <ClInclude Include="dxerr.h">
      <Filter>System</Filter>
    </ClInclude>
    <ClInclude Include="BoundingVolume.h">
      <Filter>Collisions</Filter>
    </ClInclude>
  </ItemGroup>
  <ItemGroup>
    <ClCompile Include="GameTimer.cpp">
      <Filter>System</Filter>
    </ClCompile>
    <ClCompile Include="MemoryManager.cpp">
      <Filter>System</Filter>
    </ClCompile>
    <ClCompile Include="Window.cpp">
      <Filter>System</Filter>
    </ClCompile>
    <ClCompile Include="Camera.cpp">
      <Filter>Graphics</Filter>
    </ClCompile>
    <ClCompile Include="CameraManager.cpp">
      <Filter>Graphics</Filter>
    </ClCompile>
    <ClCompile Include="DXWindow.cpp">
      <Filter>Graphics</Filter>
    </ClCompile>
    <ClCompile Include="FrameManager.cpp">
      <Filter>Graphics</Filter>
    </ClCompile>
    <ClCompile Include="RenderManager.cpp">
      <Filter>Graphics</Filter>
    </ClCompile>
    <ClCompile Include="Resources.cpp">
      <Filter>Graphics</Filter>
    </ClCompile>
    <ClCompile Include="GameObject.cpp">
      <Filter>GameComponents</Filter>
    </ClCompile>
    <ClCompile Include="FirstPersonCamera.cpp">
      <Filter>GameComponents</Filter>
    </ClCompile>
    <ClCompile Include="dxerr.cpp">
      <Filter>System</Filter>
    </ClCompile>
    <ClCompile Include="BoundingVolume.cpp">
      <Filter>Collisions</Filter>
    </ClCompile>
  </ItemGroup>
</Project>